// !$*UTF8*$!
{
	archiveVersion = 1;
	classes = {
	};
	objectVersion = 56;
	objects = {

/* Begin PBXBuildFile section */
		1CE689FDD0467DDFC82598D4 /* Pods_recipe_app.framework in Frameworks */ = {isa = PBXBuildFile; fileRef = 20E850C9A95B1307AEF7C353 /* Pods_recipe_app.framework */; };
		1FF2101F2D52CE447B70689D /* Pods_recipe_appTests.framework in Frameworks */ = {isa = PBXBuildFile; fileRef = 1F9776E1BBFE7F1B59E2748A /* Pods_recipe_appTests.framework */; };
		846619BD2BB26D080033361D /* AppDelegate.swift in Sources */ = {isa = PBXBuildFile; fileRef = 846619BC2BB26D080033361D /* AppDelegate.swift */; };
		846619BF2BB26D080033361D /* SceneDelegate.swift in Sources */ = {isa = PBXBuildFile; fileRef = 846619BE2BB26D080033361D /* SceneDelegate.swift */; };
		846619C12BB26D080033361D /* ViewController.swift in Sources */ = {isa = PBXBuildFile; fileRef = 846619C02BB26D080033361D /* ViewController.swift */; };
		846619C42BB26D080033361D /* Main.storyboard in Resources */ = {isa = PBXBuildFile; fileRef = 846619C22BB26D080033361D /* Main.storyboard */; };
		846619C62BB26D090033361D /* Assets.xcassets in Resources */ = {isa = PBXBuildFile; fileRef = 846619C52BB26D090033361D /* Assets.xcassets */; };
		846619C92BB26D090033361D /* LaunchScreen.storyboard in Resources */ = {isa = PBXBuildFile; fileRef = 846619C72BB26D090033361D /* LaunchScreen.storyboard */; };
		846619D42BB26D090033361D /* recipe_appTests.swift in Sources */ = {isa = PBXBuildFile; fileRef = 846619D32BB26D090033361D /* recipe_appTests.swift */; };
		846619DE2BB26D090033361D /* recipe_appUITests.swift in Sources */ = {isa = PBXBuildFile; fileRef = 846619DD2BB26D090033361D /* recipe_appUITests.swift */; };
		846619E02BB26D090033361D /* recipe_appUITestsLaunchTests.swift in Sources */ = {isa = PBXBuildFile; fileRef = 846619DF2BB26D090033361D /* recipe_appUITestsLaunchTests.swift */; };
		846619EF2BB26D610033361D /* BannerManager.swift in Sources */ = {isa = PBXBuildFile; fileRef = 846619EE2BB26D610033361D /* BannerManager.swift */; };
		846619FC2BB26DEA0033361D /* HomeViewModel.swift in Sources */ = {isa = PBXBuildFile; fileRef = 846619FB2BB26DEA0033361D /* HomeViewModel.swift */; };
		846619FF2BB26E040033361D /* DetailViewController.swift in Sources */ = {isa = PBXBuildFile; fileRef = 846619FE2BB26E040033361D /* DetailViewController.swift */; };
		84661A0F2BB26F240033361D /* Constant.swift in Sources */ = {isa = PBXBuildFile; fileRef = 84661A0E2BB26F240033361D /* Constant.swift */; };
		84661A142BB270770033361D /* UITableViewExtension.swift in Sources */ = {isa = PBXBuildFile; fileRef = 84661A132BB270770033361D /* UITableViewExtension.swift */; };
		84661A162BB2708A0033361D /* StringExtension.swift in Sources */ = {isa = PBXBuildFile; fileRef = 84661A152BB2708A0033361D /* StringExtension.swift */; };
		84661A1E2BB274370033361D /* RecipeModel.swift in Sources */ = {isa = PBXBuildFile; fileRef = 84661A1D2BB274370033361D /* RecipeModel.swift */; };
		84661A212BB2751C0033361D /* BaseErrorModel.swift in Sources */ = {isa = PBXBuildFile; fileRef = 84661A202BB2751C0033361D /* BaseErrorModel.swift */; };
		84661A252BB2753C0033361D /* Connector.swift in Sources */ = {isa = PBXBuildFile; fileRef = 84661A242BB2753C0033361D /* Connector.swift */; };
		84661A272BB275760033361D /* Connection.swift in Sources */ = {isa = PBXBuildFile; fileRef = 84661A262BB275760033361D /* Connection.swift */; };
		84661A292BB275A10033361D /* Middleware.swift in Sources */ = {isa = PBXBuildFile; fileRef = 84661A282BB275A10033361D /* Middleware.swift */; };
		84661A2B2BB275BF0033361D /* NetworkService.swift in Sources */ = {isa = PBXBuildFile; fileRef = 84661A2A2BB275BF0033361D /* NetworkService.swift */; };
		84661A2F2BB277720033361D /* HomeRequest.swift in Sources */ = {isa = PBXBuildFile; fileRef = 84661A2E2BB277720033361D /* HomeRequest.swift */; };
		84661A312BB2777B0033361D /* HomeInterface.swift in Sources */ = {isa = PBXBuildFile; fileRef = 84661A302BB2777B0033361D /* HomeInterface.swift */; };
		84661A332BB279180033361D /* BaseViewController.swift in Sources */ = {isa = PBXBuildFile; fileRef = 84661A322BB279180033361D /* BaseViewController.swift */; };
		84661A362BB27A210033361D /* RecipeTableViewCell.swift in Sources */ = {isa = PBXBuildFile; fileRef = 84661A352BB27A210033361D /* RecipeTableViewCell.swift */; };
		84661A382BB27A2D0033361D /* RecipeTableViewCell.xib in Resources */ = {isa = PBXBuildFile; fileRef = 84661A372BB27A2D0033361D /* RecipeTableViewCell.xib */; };
		84661A3B2BB27E760033361D /* DetailViewModel.swift in Sources */ = {isa = PBXBuildFile; fileRef = 84661A3A2BB27E760033361D /* DetailViewModel.swift */; };
		84661A3D2BB284CF0033361D /* DetailViewController.xib in Resources */ = {isa = PBXBuildFile; fileRef = 84661A3C2BB284CF0033361D /* DetailViewController.xib */; };
		84661A3F2BB29C120033361D /* UILabelExtention.swift in Sources */ = {isa = PBXBuildFile; fileRef = 84661A3E2BB29C120033361D /* UILabelExtention.swift */; };
		8D5D90501D4B87E1294BDC1B /* Pods_recipe_app_recipe_appUITests.framework in Frameworks */ = {isa = PBXBuildFile; fileRef = DBC8A742ABB4510B3CEF129F /* Pods_recipe_app_recipe_appUITests.framework */; };
/* End PBXBuildFile section */

/* Begin PBXContainerItemProxy section */
		846619D02BB26D090033361D /* PBXContainerItemProxy */ = {
			isa = PBXContainerItemProxy;
			containerPortal = 846619B12BB26D080033361D /* Project object */;
			proxyType = 1;
			remoteGlobalIDString = 846619B82BB26D080033361D;
			remoteInfo = "recipe-app";
		};
		846619DA2BB26D090033361D /* PBXContainerItemProxy */ = {
			isa = PBXContainerItemProxy;
			containerPortal = 846619B12BB26D080033361D /* Project object */;
			proxyType = 1;
			remoteGlobalIDString = 846619B82BB26D080033361D;
			remoteInfo = "recipe-app";
		};
/* End PBXContainerItemProxy section */

/* Begin PBXFileReference section */
		1F9776E1BBFE7F1B59E2748A /* Pods_recipe_appTests.framework */ = {isa = PBXFileReference; explicitFileType = wrapper.framework; includeInIndex = 0; path = Pods_recipe_appTests.framework; sourceTree = BUILT_PRODUCTS_DIR; };
		20E850C9A95B1307AEF7C353 /* Pods_recipe_app.framework */ = {isa = PBXFileReference; explicitFileType = wrapper.framework; includeInIndex = 0; path = Pods_recipe_app.framework; sourceTree = BUILT_PRODUCTS_DIR; };
		2BECAD9D9492BEC667E79EC9 /* Pods-recipe-app-recipe-appUITests.debug.xcconfig */ = {isa = PBXFileReference; includeInIndex = 1; lastKnownFileType = text.xcconfig; name = "Pods-recipe-app-recipe-appUITests.debug.xcconfig"; path = "Target Support Files/Pods-recipe-app-recipe-appUITests/Pods-recipe-app-recipe-appUITests.debug.xcconfig"; sourceTree = "<group>"; };
		4600643257F19AC758841166 /* Pods-recipe-app.debug.xcconfig */ = {isa = PBXFileReference; includeInIndex = 1; lastKnownFileType = text.xcconfig; name = "Pods-recipe-app.debug.xcconfig"; path = "Target Support Files/Pods-recipe-app/Pods-recipe-app.debug.xcconfig"; sourceTree = "<group>"; };
		49CBF620AF7BB29E5EE3454D /* Pods-recipe-app-recipe-appUITests.release.xcconfig */ = {isa = PBXFileReference; includeInIndex = 1; lastKnownFileType = text.xcconfig; name = "Pods-recipe-app-recipe-appUITests.release.xcconfig"; path = "Target Support Files/Pods-recipe-app-recipe-appUITests/Pods-recipe-app-recipe-appUITests.release.xcconfig"; sourceTree = "<group>"; };
		4AB6829CE4EFD521022B7274 /* Pods-recipe-appTests.debug.xcconfig */ = {isa = PBXFileReference; includeInIndex = 1; lastKnownFileType = text.xcconfig; name = "Pods-recipe-appTests.debug.xcconfig"; path = "Target Support Files/Pods-recipe-appTests/Pods-recipe-appTests.debug.xcconfig"; sourceTree = "<group>"; };
		846619B92BB26D080033361D /* recipe-app.app */ = {isa = PBXFileReference; explicitFileType = wrapper.application; includeInIndex = 0; path = "recipe-app.app"; sourceTree = BUILT_PRODUCTS_DIR; };
		846619BC2BB26D080033361D /* AppDelegate.swift */ = {isa = PBXFileReference; lastKnownFileType = sourcecode.swift; path = AppDelegate.swift; sourceTree = "<group>"; };
		846619BE2BB26D080033361D /* SceneDelegate.swift */ = {isa = PBXFileReference; lastKnownFileType = sourcecode.swift; path = SceneDelegate.swift; sourceTree = "<group>"; };
		846619C02BB26D080033361D /* ViewController.swift */ = {isa = PBXFileReference; lastKnownFileType = sourcecode.swift; path = ViewController.swift; sourceTree = "<group>"; };
		846619C32BB26D080033361D /* Base */ = {isa = PBXFileReference; lastKnownFileType = file.storyboard; name = Base; path = Base.lproj/Main.storyboard; sourceTree = "<group>"; };
		846619C52BB26D090033361D /* Assets.xcassets */ = {isa = PBXFileReference; lastKnownFileType = folder.assetcatalog; path = Assets.xcassets; sourceTree = "<group>"; };
		846619C82BB26D090033361D /* Base */ = {isa = PBXFileReference; lastKnownFileType = file.storyboard; name = Base; path = Base.lproj/LaunchScreen.storyboard; sourceTree = "<group>"; };
		846619CA2BB26D090033361D /* Info.plist */ = {isa = PBXFileReference; lastKnownFileType = text.plist.xml; path = Info.plist; sourceTree = "<group>"; };
		846619CF2BB26D090033361D /* recipe-appTests.xctest */ = {isa = PBXFileReference; explicitFileType = wrapper.cfbundle; includeInIndex = 0; path = "recipe-appTests.xctest"; sourceTree = BUILT_PRODUCTS_DIR; };
		846619D32BB26D090033361D /* recipe_appTests.swift */ = {isa = PBXFileReference; lastKnownFileType = sourcecode.swift; path = recipe_appTests.swift; sourceTree = "<group>"; };
		846619D92BB26D090033361D /* recipe-appUITests.xctest */ = {isa = PBXFileReference; explicitFileType = wrapper.cfbundle; includeInIndex = 0; path = "recipe-appUITests.xctest"; sourceTree = BUILT_PRODUCTS_DIR; };
		846619DD2BB26D090033361D /* recipe_appUITests.swift */ = {isa = PBXFileReference; lastKnownFileType = sourcecode.swift; path = recipe_appUITests.swift; sourceTree = "<group>"; };
		846619DF2BB26D090033361D /* recipe_appUITestsLaunchTests.swift */ = {isa = PBXFileReference; lastKnownFileType = sourcecode.swift; path = recipe_appUITestsLaunchTests.swift; sourceTree = "<group>"; };
		846619EE2BB26D610033361D /* BannerManager.swift */ = {isa = PBXFileReference; lastKnownFileType = sourcecode.swift; path = BannerManager.swift; sourceTree = "<group>"; };
		846619FB2BB26DEA0033361D /* HomeViewModel.swift */ = {isa = PBXFileReference; lastKnownFileType = sourcecode.swift; path = HomeViewModel.swift; sourceTree = "<group>"; };
		846619FE2BB26E040033361D /* DetailViewController.swift */ = {isa = PBXFileReference; lastKnownFileType = sourcecode.swift; path = DetailViewController.swift; sourceTree = "<group>"; };
		84661A0E2BB26F240033361D /* Constant.swift */ = {isa = PBXFileReference; lastKnownFileType = sourcecode.swift; path = Constant.swift; sourceTree = "<group>"; };
		84661A132BB270770033361D /* UITableViewExtension.swift */ = {isa = PBXFileReference; lastKnownFileType = sourcecode.swift; path = UITableViewExtension.swift; sourceTree = "<group>"; };
		84661A152BB2708A0033361D /* StringExtension.swift */ = {isa = PBXFileReference; lastKnownFileType = sourcecode.swift; path = StringExtension.swift; sourceTree = "<group>"; };
		84661A1D2BB274370033361D /* RecipeModel.swift */ = {isa = PBXFileReference; lastKnownFileType = sourcecode.swift; path = RecipeModel.swift; sourceTree = "<group>"; };
		84661A202BB2751C0033361D /* BaseErrorModel.swift */ = {isa = PBXFileReference; lastKnownFileType = sourcecode.swift; path = BaseErrorModel.swift; sourceTree = "<group>"; };
		84661A242BB2753C0033361D /* Connector.swift */ = {isa = PBXFileReference; lastKnownFileType = sourcecode.swift; path = Connector.swift; sourceTree = "<group>"; };
		84661A262BB275760033361D /* Connection.swift */ = {isa = PBXFileReference; lastKnownFileType = sourcecode.swift; path = Connection.swift; sourceTree = "<group>"; };
		84661A282BB275A10033361D /* Middleware.swift */ = {isa = PBXFileReference; lastKnownFileType = sourcecode.swift; path = Middleware.swift; sourceTree = "<group>"; };
		84661A2A2BB275BF0033361D /* NetworkService.swift */ = {isa = PBXFileReference; lastKnownFileType = sourcecode.swift; path = NetworkService.swift; sourceTree = "<group>"; };
		84661A2E2BB277720033361D /* HomeRequest.swift */ = {isa = PBXFileReference; lastKnownFileType = sourcecode.swift; path = HomeRequest.swift; sourceTree = "<group>"; };
		84661A302BB2777B0033361D /* HomeInterface.swift */ = {isa = PBXFileReference; lastKnownFileType = sourcecode.swift; path = HomeInterface.swift; sourceTree = "<group>"; };
		84661A322BB279180033361D /* BaseViewController.swift */ = {isa = PBXFileReference; lastKnownFileType = sourcecode.swift; path = BaseViewController.swift; sourceTree = "<group>"; };
		84661A352BB27A210033361D /* RecipeTableViewCell.swift */ = {isa = PBXFileReference; lastKnownFileType = sourcecode.swift; path = RecipeTableViewCell.swift; sourceTree = "<group>"; };
		84661A372BB27A2D0033361D /* RecipeTableViewCell.xib */ = {isa = PBXFileReference; lastKnownFileType = file.xib; path = RecipeTableViewCell.xib; sourceTree = "<group>"; };
		84661A3A2BB27E760033361D /* DetailViewModel.swift */ = {isa = PBXFileReference; lastKnownFileType = sourcecode.swift; path = DetailViewModel.swift; sourceTree = "<group>"; };
		84661A3C2BB284CF0033361D /* DetailViewController.xib */ = {isa = PBXFileReference; lastKnownFileType = file.xib; path = DetailViewController.xib; sourceTree = "<group>"; };
		84661A3E2BB29C120033361D /* UILabelExtention.swift */ = {isa = PBXFileReference; lastKnownFileType = sourcecode.swift; path = UILabelExtention.swift; sourceTree = "<group>"; };
		B96EC6B812580D1D96C70B97 /* Pods-recipe-appTests.release.xcconfig */ = {isa = PBXFileReference; includeInIndex = 1; lastKnownFileType = text.xcconfig; name = "Pods-recipe-appTests.release.xcconfig"; path = "Target Support Files/Pods-recipe-appTests/Pods-recipe-appTests.release.xcconfig"; sourceTree = "<group>"; };
		DBC8A742ABB4510B3CEF129F /* Pods_recipe_app_recipe_appUITests.framework */ = {isa = PBXFileReference; explicitFileType = wrapper.framework; includeInIndex = 0; path = Pods_recipe_app_recipe_appUITests.framework; sourceTree = BUILT_PRODUCTS_DIR; };
		F4882E766F2E09B31F21F734 /* Pods-recipe-app.release.xcconfig */ = {isa = PBXFileReference; includeInIndex = 1; lastKnownFileType = text.xcconfig; name = "Pods-recipe-app.release.xcconfig"; path = "Target Support Files/Pods-recipe-app/Pods-recipe-app.release.xcconfig"; sourceTree = "<group>"; };
/* End PBXFileReference section */

/* Begin PBXFrameworksBuildPhase section */
		846619B62BB26D080033361D /* Frameworks */ = {
			isa = PBXFrameworksBuildPhase;
			buildActionMask = 2147483647;
			files = (
				1CE689FDD0467DDFC82598D4 /* Pods_recipe_app.framework in Frameworks */,
			);
			runOnlyForDeploymentPostprocessing = 0;
		};
		846619CC2BB26D090033361D /* Frameworks */ = {
			isa = PBXFrameworksBuildPhase;
			buildActionMask = 2147483647;
			files = (
				1FF2101F2D52CE447B70689D /* Pods_recipe_appTests.framework in Frameworks */,
			);
			runOnlyForDeploymentPostprocessing = 0;
		};
		846619D62BB26D090033361D /* Frameworks */ = {
			isa = PBXFrameworksBuildPhase;
			buildActionMask = 2147483647;
			files = (
				8D5D90501D4B87E1294BDC1B /* Pods_recipe_app_recipe_appUITests.framework in Frameworks */,
			);
			runOnlyForDeploymentPostprocessing = 0;
		};
/* End PBXFrameworksBuildPhase section */

/* Begin PBXGroup section */
		28634D354B1ABDE82EFD2BB1 /* Frameworks */ = {
			isa = PBXGroup;
			children = (
				20E850C9A95B1307AEF7C353 /* Pods_recipe_app.framework */,
				DBC8A742ABB4510B3CEF129F /* Pods_recipe_app_recipe_appUITests.framework */,
				1F9776E1BBFE7F1B59E2748A /* Pods_recipe_appTests.framework */,
			);
			name = Frameworks;
			sourceTree = "<group>";
		};
		846619B02BB26D080033361D = {
			isa = PBXGroup;
			children = (
				846619BB2BB26D080033361D /* recipe-app */,
				846619D22BB26D090033361D /* recipe-appTests */,
				846619DC2BB26D090033361D /* recipe-appUITests */,
				846619BA2BB26D080033361D /* Products */,
				E4A3AF6A507262625F938746 /* Pods */,
				28634D354B1ABDE82EFD2BB1 /* Frameworks */,
			);
			sourceTree = "<group>";
		};
		846619BA2BB26D080033361D /* Products */ = {
			isa = PBXGroup;
			children = (
				846619B92BB26D080033361D /* recipe-app.app */,
				846619CF2BB26D090033361D /* recipe-appTests.xctest */,
				846619D92BB26D090033361D /* recipe-appUITests.xctest */,
			);
			name = Products;
			sourceTree = "<group>";
		};
		846619BB2BB26D080033361D /* recipe-app */ = {
			isa = PBXGroup;
			children = (
				84661A0D2BB26F180033361D /* Helpers */,
				84661A032BB26E240033361D /* Network */,
				846619F02BB26D6F0033361D /* ViewControllers */,
				846619EC2BB26D480033361D /* CustomViews */,
				846619BC2BB26D080033361D /* AppDelegate.swift */,
				846619BE2BB26D080033361D /* SceneDelegate.swift */,
				846619C22BB26D080033361D /* Main.storyboard */,
				846619C52BB26D090033361D /* Assets.xcassets */,
				846619C72BB26D090033361D /* LaunchScreen.storyboard */,
				846619CA2BB26D090033361D /* Info.plist */,
			);
			path = "recipe-app";
			sourceTree = "<group>";
		};
		846619D22BB26D090033361D /* recipe-appTests */ = {
			isa = PBXGroup;
			children = (
				846619D32BB26D090033361D /* recipe_appTests.swift */,
			);
			path = "recipe-appTests";
			sourceTree = "<group>";
		};
		846619DC2BB26D090033361D /* recipe-appUITests */ = {
			isa = PBXGroup;
			children = (
				846619DD2BB26D090033361D /* recipe_appUITests.swift */,
				846619DF2BB26D090033361D /* recipe_appUITestsLaunchTests.swift */,
			);
			path = "recipe-appUITests";
			sourceTree = "<group>";
		};
		846619EC2BB26D480033361D /* CustomViews */ = {
			isa = PBXGroup;
			children = (
				846619ED2BB26D510033361D /* Banner */,
			);
			path = CustomViews;
			sourceTree = "<group>";
		};
		846619ED2BB26D510033361D /* Banner */ = {
			isa = PBXGroup;
			children = (
				846619EE2BB26D610033361D /* BannerManager.swift */,
			);
			path = Banner;
			sourceTree = "<group>";
		};
		846619F02BB26D6F0033361D /* ViewControllers */ = {
			isa = PBXGroup;
			children = (
				846619F22BB26D870033361D /* Detail */,
				846619F12BB26D810033361D /* Home */,
				84661A322BB279180033361D /* BaseViewController.swift */,
			);
			path = ViewControllers;
			sourceTree = "<group>";
		};
		846619F12BB26D810033361D /* Home */ = {
			isa = PBXGroup;
			children = (
				84661A342BB27A020033361D /* TableViewCell */,
				84661A2D2BB2775D0033361D /* Request */,
				84661A2C2BB277530033361D /* Interface */,
				84661A1C2BB274270033361D /* Model */,
				846619F72BB26DC10033361D /* ViewModel */,
				846619F32BB26DA20033361D /* View */,
			);
			path = Home;
			sourceTree = "<group>";
		};
		846619F22BB26D870033361D /* Detail */ = {
			isa = PBXGroup;
			children = (
				84661A392BB27E680033361D /* ViewModel */,
				846619FD2BB26DF60033361D /* View */,
			);
			path = Detail;
			sourceTree = "<group>";
		};
		846619F32BB26DA20033361D /* View */ = {
			isa = PBXGroup;
			children = (
				846619C02BB26D080033361D /* ViewController.swift */,
			);
			path = View;
			sourceTree = "<group>";
		};
		846619F72BB26DC10033361D /* ViewModel */ = {
			isa = PBXGroup;
			children = (
				846619FB2BB26DEA0033361D /* HomeViewModel.swift */,
			);
			path = ViewModel;
			sourceTree = "<group>";
		};
		846619FD2BB26DF60033361D /* View */ = {
			isa = PBXGroup;
			children = (
				846619FE2BB26E040033361D /* DetailViewController.swift */,
				84661A3C2BB284CF0033361D /* DetailViewController.xib */,
			);
			path = View;
			sourceTree = "<group>";
		};
		84661A032BB26E240033361D /* Network */ = {
			isa = PBXGroup;
			children = (
				84661A1F2BB274FD0033361D /* Model */,
				84661A242BB2753C0033361D /* Connector.swift */,
				84661A262BB275760033361D /* Connection.swift */,
				84661A282BB275A10033361D /* Middleware.swift */,
				84661A2A2BB275BF0033361D /* NetworkService.swift */,
			);
			path = Network;
			sourceTree = "<group>";
		};
		84661A0D2BB26F180033361D /* Helpers */ = {
			isa = PBXGroup;
			children = (
				84661A102BB2705C0033361D /* Extensions */,
				84661A0E2BB26F240033361D /* Constant.swift */,
			);
			path = Helpers;
			sourceTree = "<group>";
		};
		84661A102BB2705C0033361D /* Extensions */ = {
			isa = PBXGroup;
			children = (
				84661A132BB270770033361D /* UITableViewExtension.swift */,
				84661A152BB2708A0033361D /* StringExtension.swift */,
				84661A3E2BB29C120033361D /* UILabelExtention.swift */,
			);
			path = Extensions;
			sourceTree = "<group>";
		};
		84661A1C2BB274270033361D /* Model */ = {
			isa = PBXGroup;
			children = (
				84661A1D2BB274370033361D /* RecipeModel.swift */,
			);
			path = Model;
			sourceTree = "<group>";
		};
		84661A1F2BB274FD0033361D /* Model */ = {
			isa = PBXGroup;
			children = (
				84661A202BB2751C0033361D /* BaseErrorModel.swift */,
			);
			path = Model;
			sourceTree = "<group>";
		};
		84661A2C2BB277530033361D /* Interface */ = {
			isa = PBXGroup;
			children = (
				84661A302BB2777B0033361D /* HomeInterface.swift */,
			);
			path = Interface;
			sourceTree = "<group>";
		};
		84661A2D2BB2775D0033361D /* Request */ = {
			isa = PBXGroup;
			children = (
				84661A2E2BB277720033361D /* HomeRequest.swift */,
			);
			path = Request;
			sourceTree = "<group>";
		};
		84661A342BB27A020033361D /* TableViewCell */ = {
			isa = PBXGroup;
			children = (
				84661A352BB27A210033361D /* RecipeTableViewCell.swift */,
				84661A372BB27A2D0033361D /* RecipeTableViewCell.xib */,
			);
			path = TableViewCell;
			sourceTree = "<group>";
		};
		84661A392BB27E680033361D /* ViewModel */ = {
			isa = PBXGroup;
			children = (
				84661A3A2BB27E760033361D /* DetailViewModel.swift */,
			);
			path = ViewModel;
			sourceTree = "<group>";
		};
		E4A3AF6A507262625F938746 /* Pods */ = {
			isa = PBXGroup;
			children = (
				4600643257F19AC758841166 /* Pods-recipe-app.debug.xcconfig */,
				F4882E766F2E09B31F21F734 /* Pods-recipe-app.release.xcconfig */,
				2BECAD9D9492BEC667E79EC9 /* Pods-recipe-app-recipe-appUITests.debug.xcconfig */,
				49CBF620AF7BB29E5EE3454D /* Pods-recipe-app-recipe-appUITests.release.xcconfig */,
				4AB6829CE4EFD521022B7274 /* Pods-recipe-appTests.debug.xcconfig */,
				B96EC6B812580D1D96C70B97 /* Pods-recipe-appTests.release.xcconfig */,
			);
			path = Pods;
			sourceTree = "<group>";
		};
/* End PBXGroup section */

/* Begin PBXNativeTarget section */
		846619B82BB26D080033361D /* recipe-app */ = {
			isa = PBXNativeTarget;
			buildConfigurationList = 846619E32BB26D090033361D /* Build configuration list for PBXNativeTarget "recipe-app" */;
			buildPhases = (
				747E361CE7F1D9B818007825 /* [CP] Check Pods Manifest.lock */,
				846619B52BB26D080033361D /* Sources */,
				846619B62BB26D080033361D /* Frameworks */,
				846619B72BB26D080033361D /* Resources */,
				9E9534B1E80C8177606ADFE7 /* [CP] Embed Pods Frameworks */,
			);
			buildRules = (
			);
			dependencies = (
			);
			name = "recipe-app";
			productName = "recipe-app";
			productReference = 846619B92BB26D080033361D /* recipe-app.app */;
			productType = "com.apple.product-type.application";
		};
		846619CE2BB26D090033361D /* recipe-appTests */ = {
			isa = PBXNativeTarget;
			buildConfigurationList = 846619E62BB26D090033361D /* Build configuration list for PBXNativeTarget "recipe-appTests" */;
			buildPhases = (
				35FD531054CD895D05AF5CCA /* [CP] Check Pods Manifest.lock */,
				846619CB2BB26D090033361D /* Sources */,
				846619CC2BB26D090033361D /* Frameworks */,
				846619CD2BB26D090033361D /* Resources */,
			);
			buildRules = (
			);
			dependencies = (
				846619D12BB26D090033361D /* PBXTargetDependency */,
			);
			name = "recipe-appTests";
			productName = "recipe-appTests";
			productReference = 846619CF2BB26D090033361D /* recipe-appTests.xctest */;
			productType = "com.apple.product-type.bundle.unit-test";
		};
		846619D82BB26D090033361D /* recipe-appUITests */ = {
			isa = PBXNativeTarget;
			buildConfigurationList = 846619E92BB26D090033361D /* Build configuration list for PBXNativeTarget "recipe-appUITests" */;
			buildPhases = (
				38EF99FEBC132FBFE4D30228 /* [CP] Check Pods Manifest.lock */,
				846619D52BB26D090033361D /* Sources */,
				846619D62BB26D090033361D /* Frameworks */,
				846619D72BB26D090033361D /* Resources */,
				1B25AF8F445BB7ED36437F0A /* [CP] Embed Pods Frameworks */,
			);
			buildRules = (
			);
			dependencies = (
				846619DB2BB26D090033361D /* PBXTargetDependency */,
			);
			name = "recipe-appUITests";
			productName = "recipe-appUITests";
			productReference = 846619D92BB26D090033361D /* recipe-appUITests.xctest */;
			productType = "com.apple.product-type.bundle.ui-testing";
		};
/* End PBXNativeTarget section */

/* Begin PBXProject section */
		846619B12BB26D080033361D /* Project object */ = {
			isa = PBXProject;
			attributes = {
				BuildIndependentTargetsInParallel = 1;
				LastSwiftUpdateCheck = 1430;
				LastUpgradeCheck = 1430;
				TargetAttributes = {
					846619B82BB26D080033361D = {
						CreatedOnToolsVersion = 14.3.1;
					};
					846619CE2BB26D090033361D = {
						CreatedOnToolsVersion = 14.3.1;
						TestTargetID = 846619B82BB26D080033361D;
					};
					846619D82BB26D090033361D = {
						CreatedOnToolsVersion = 14.3.1;
						TestTargetID = 846619B82BB26D080033361D;
					};
				};
			};
			buildConfigurationList = 846619B42BB26D080033361D /* Build configuration list for PBXProject "recipe-app" */;
			compatibilityVersion = "Xcode 14.0";
			developmentRegion = en;
			hasScannedForEncodings = 0;
			knownRegions = (
				en,
				Base,
			);
			mainGroup = 846619B02BB26D080033361D;
			productRefGroup = 846619BA2BB26D080033361D /* Products */;
			projectDirPath = "";
			projectRoot = "";
			targets = (
				846619B82BB26D080033361D /* recipe-app */,
				846619CE2BB26D090033361D /* recipe-appTests */,
				846619D82BB26D090033361D /* recipe-appUITests */,
			);
		};
/* End PBXProject section */

/* Begin PBXResourcesBuildPhase section */
		846619B72BB26D080033361D /* Resources */ = {
			isa = PBXResourcesBuildPhase;
			buildActionMask = 2147483647;
			files = (
				846619C92BB26D090033361D /* LaunchScreen.storyboard in Resources */,
				846619C62BB26D090033361D /* Assets.xcassets in Resources */,
				84661A3D2BB284CF0033361D /* DetailViewController.xib in Resources */,
				846619C42BB26D080033361D /* Main.storyboard in Resources */,
				84661A382BB27A2D0033361D /* RecipeTableViewCell.xib in Resources */,
			);
			runOnlyForDeploymentPostprocessing = 0;
		};
		846619CD2BB26D090033361D /* Resources */ = {
			isa = PBXResourcesBuildPhase;
			buildActionMask = 2147483647;
			files = (
			);
			runOnlyForDeploymentPostprocessing = 0;
		};
		846619D72BB26D090033361D /* Resources */ = {
			isa = PBXResourcesBuildPhase;
			buildActionMask = 2147483647;
			files = (
			);
			runOnlyForDeploymentPostprocessing = 0;
		};
/* End PBXResourcesBuildPhase section */

/* Begin PBXShellScriptBuildPhase section */
		1B25AF8F445BB7ED36437F0A /* [CP] Embed Pods Frameworks */ = {
			isa = PBXShellScriptBuildPhase;
			buildActionMask = 2147483647;
			files = (
			);
			inputFileListPaths = (
				"${PODS_ROOT}/Target Support Files/Pods-recipe-app-recipe-appUITests/Pods-recipe-app-recipe-appUITests-frameworks-${CONFIGURATION}-input-files.xcfilelist",
			);
			name = "[CP] Embed Pods Frameworks";
			outputFileListPaths = (
				"${PODS_ROOT}/Target Support Files/Pods-recipe-app-recipe-appUITests/Pods-recipe-app-recipe-appUITests-frameworks-${CONFIGURATION}-output-files.xcfilelist",
			);
			runOnlyForDeploymentPostprocessing = 0;
			shellPath = /bin/sh;
			shellScript = "\"${PODS_ROOT}/Target Support Files/Pods-recipe-app-recipe-appUITests/Pods-recipe-app-recipe-appUITests-frameworks.sh\"\n";
			showEnvVarsInLog = 0;
		};
		35FD531054CD895D05AF5CCA /* [CP] Check Pods Manifest.lock */ = {
			isa = PBXShellScriptBuildPhase;
			buildActionMask = 2147483647;
			files = (
			);
			inputFileListPaths = (
			);
			inputPaths = (
				"${PODS_PODFILE_DIR_PATH}/Podfile.lock",
				"${PODS_ROOT}/Manifest.lock",
			);
			name = "[CP] Check Pods Manifest.lock";
			outputFileListPaths = (
			);
			outputPaths = (
				"$(DERIVED_FILE_DIR)/Pods-recipe-appTests-checkManifestLockResult.txt",
			);
			runOnlyForDeploymentPostprocessing = 0;
			shellPath = /bin/sh;
			shellScript = "diff \"${PODS_PODFILE_DIR_PATH}/Podfile.lock\" \"${PODS_ROOT}/Manifest.lock\" > /dev/null\nif [ $? != 0 ] ; then\n    # print error to STDERR\n    echo \"error: The sandbox is not in sync with the Podfile.lock. Run 'pod install' or update your CocoaPods installation.\" >&2\n    exit 1\nfi\n# This output is used by Xcode 'outputs' to avoid re-running this script phase.\necho \"SUCCESS\" > \"${SCRIPT_OUTPUT_FILE_0}\"\n";
			showEnvVarsInLog = 0;
		};
		38EF99FEBC132FBFE4D30228 /* [CP] Check Pods Manifest.lock */ = {
			isa = PBXShellScriptBuildPhase;
			buildActionMask = 2147483647;
			files = (
			);
			inputFileListPaths = (
			);
			inputPaths = (
				"${PODS_PODFILE_DIR_PATH}/Podfile.lock",
				"${PODS_ROOT}/Manifest.lock",
			);
			name = "[CP] Check Pods Manifest.lock";
			outputFileListPaths = (
			);
			outputPaths = (
				"$(DERIVED_FILE_DIR)/Pods-recipe-app-recipe-appUITests-checkManifestLockResult.txt",
			);
			runOnlyForDeploymentPostprocessing = 0;
			shellPath = /bin/sh;
			shellScript = "diff \"${PODS_PODFILE_DIR_PATH}/Podfile.lock\" \"${PODS_ROOT}/Manifest.lock\" > /dev/null\nif [ $? != 0 ] ; then\n    # print error to STDERR\n    echo \"error: The sandbox is not in sync with the Podfile.lock. Run 'pod install' or update your CocoaPods installation.\" >&2\n    exit 1\nfi\n# This output is used by Xcode 'outputs' to avoid re-running this script phase.\necho \"SUCCESS\" > \"${SCRIPT_OUTPUT_FILE_0}\"\n";
			showEnvVarsInLog = 0;
		};
		747E361CE7F1D9B818007825 /* [CP] Check Pods Manifest.lock */ = {
			isa = PBXShellScriptBuildPhase;
			buildActionMask = 2147483647;
			files = (
			);
			inputFileListPaths = (
			);
			inputPaths = (
				"${PODS_PODFILE_DIR_PATH}/Podfile.lock",
				"${PODS_ROOT}/Manifest.lock",
			);
			name = "[CP] Check Pods Manifest.lock";
			outputFileListPaths = (
			);
			outputPaths = (
				"$(DERIVED_FILE_DIR)/Pods-recipe-app-checkManifestLockResult.txt",
			);
			runOnlyForDeploymentPostprocessing = 0;
			shellPath = /bin/sh;
			shellScript = "diff \"${PODS_PODFILE_DIR_PATH}/Podfile.lock\" \"${PODS_ROOT}/Manifest.lock\" > /dev/null\nif [ $? != 0 ] ; then\n    # print error to STDERR\n    echo \"error: The sandbox is not in sync with the Podfile.lock. Run 'pod install' or update your CocoaPods installation.\" >&2\n    exit 1\nfi\n# This output is used by Xcode 'outputs' to avoid re-running this script phase.\necho \"SUCCESS\" > \"${SCRIPT_OUTPUT_FILE_0}\"\n";
			showEnvVarsInLog = 0;
		};
		9E9534B1E80C8177606ADFE7 /* [CP] Embed Pods Frameworks */ = {
			isa = PBXShellScriptBuildPhase;
			buildActionMask = 2147483647;
			files = (
			);
			inputFileListPaths = (
				"${PODS_ROOT}/Target Support Files/Pods-recipe-app/Pods-recipe-app-frameworks-${CONFIGURATION}-input-files.xcfilelist",
			);
			name = "[CP] Embed Pods Frameworks";
			outputFileListPaths = (
				"${PODS_ROOT}/Target Support Files/Pods-recipe-app/Pods-recipe-app-frameworks-${CONFIGURATION}-output-files.xcfilelist",
			);
			runOnlyForDeploymentPostprocessing = 0;
			shellPath = /bin/sh;
			shellScript = "\"${PODS_ROOT}/Target Support Files/Pods-recipe-app/Pods-recipe-app-frameworks.sh\"\n";
			showEnvVarsInLog = 0;
		};
/* End PBXShellScriptBuildPhase section */

/* Begin PBXSourcesBuildPhase section */
		846619B52BB26D080033361D /* Sources */ = {
			isa = PBXSourcesBuildPhase;
			buildActionMask = 2147483647;
			files = (
				84661A142BB270770033361D /* UITableViewExtension.swift in Sources */,
				84661A362BB27A210033361D /* RecipeTableViewCell.swift in Sources */,
				84661A252BB2753C0033361D /* Connector.swift in Sources */,
				84661A2B2BB275BF0033361D /* NetworkService.swift in Sources */,
				84661A332BB279180033361D /* BaseViewController.swift in Sources */,
				846619C12BB26D080033361D /* ViewController.swift in Sources */,
				846619FC2BB26DEA0033361D /* HomeViewModel.swift in Sources */,
				84661A3B2BB27E760033361D /* DetailViewModel.swift in Sources */,
				846619BD2BB26D080033361D /* AppDelegate.swift in Sources */,
				84661A312BB2777B0033361D /* HomeInterface.swift in Sources */,
				84661A162BB2708A0033361D /* StringExtension.swift in Sources */,
				84661A212BB2751C0033361D /* BaseErrorModel.swift in Sources */,
				84661A1E2BB274370033361D /* RecipeModel.swift in Sources */,
				84661A272BB275760033361D /* Connection.swift in Sources */,
				84661A3F2BB29C120033361D /* UILabelExtention.swift in Sources */,
				84661A0F2BB26F240033361D /* Constant.swift in Sources */,
				846619BF2BB26D080033361D /* SceneDelegate.swift in Sources */,
				846619EF2BB26D610033361D /* BannerManager.swift in Sources */,
				846619FF2BB26E040033361D /* DetailViewController.swift in Sources */,
				84661A2F2BB277720033361D /* HomeRequest.swift in Sources */,
				84661A292BB275A10033361D /* Middleware.swift in Sources */,
			);
			runOnlyForDeploymentPostprocessing = 0;
		};
		846619CB2BB26D090033361D /* Sources */ = {
			isa = PBXSourcesBuildPhase;
			buildActionMask = 2147483647;
			files = (
				846619D42BB26D090033361D /* recipe_appTests.swift in Sources */,
			);
			runOnlyForDeploymentPostprocessing = 0;
		};
		846619D52BB26D090033361D /* Sources */ = {
			isa = PBXSourcesBuildPhase;
			buildActionMask = 2147483647;
			files = (
				846619E02BB26D090033361D /* recipe_appUITestsLaunchTests.swift in Sources */,
				846619DE2BB26D090033361D /* recipe_appUITests.swift in Sources */,
			);
			runOnlyForDeploymentPostprocessing = 0;
		};
/* End PBXSourcesBuildPhase section */

/* Begin PBXTargetDependency section */
		846619D12BB26D090033361D /* PBXTargetDependency */ = {
			isa = PBXTargetDependency;
			target = 846619B82BB26D080033361D /* recipe-app */;
			targetProxy = 846619D02BB26D090033361D /* PBXContainerItemProxy */;
		};
		846619DB2BB26D090033361D /* PBXTargetDependency */ = {
			isa = PBXTargetDependency;
			target = 846619B82BB26D080033361D /* recipe-app */;
			targetProxy = 846619DA2BB26D090033361D /* PBXContainerItemProxy */;
		};
/* End PBXTargetDependency section */

/* Begin PBXVariantGroup section */
		846619C22BB26D080033361D /* Main.storyboard */ = {
			isa = PBXVariantGroup;
			children = (
				846619C32BB26D080033361D /* Base */,
			);
			name = Main.storyboard;
			sourceTree = "<group>";
		};
		846619C72BB26D090033361D /* LaunchScreen.storyboard */ = {
			isa = PBXVariantGroup;
			children = (
				846619C82BB26D090033361D /* Base */,
			);
			name = LaunchScreen.storyboard;
			sourceTree = "<group>";
		};
/* End PBXVariantGroup section */

/* Begin XCBuildConfiguration section */
		846619E12BB26D090033361D /* Debug */ = {
			isa = XCBuildConfiguration;
			buildSettings = {
				ALWAYS_SEARCH_USER_PATHS = NO;
				CLANG_ANALYZER_NONNULL = YES;
				CLANG_ANALYZER_NUMBER_OBJECT_CONVERSION = YES_AGGRESSIVE;
				CLANG_CXX_LANGUAGE_STANDARD = "gnu++20";
				CLANG_ENABLE_MODULES = YES;
				CLANG_ENABLE_OBJC_ARC = YES;
				CLANG_ENABLE_OBJC_WEAK = YES;
				CLANG_WARN_BLOCK_CAPTURE_AUTORELEASING = YES;
				CLANG_WARN_BOOL_CONVERSION = YES;
				CLANG_WARN_COMMA = YES;
				CLANG_WARN_CONSTANT_CONVERSION = YES;
				CLANG_WARN_DEPRECATED_OBJC_IMPLEMENTATIONS = YES;
				CLANG_WARN_DIRECT_OBJC_ISA_USAGE = YES_ERROR;
				CLANG_WARN_DOCUMENTATION_COMMENTS = YES;
				CLANG_WARN_EMPTY_BODY = YES;
				CLANG_WARN_ENUM_CONVERSION = YES;
				CLANG_WARN_INFINITE_RECURSION = YES;
				CLANG_WARN_INT_CONVERSION = YES;
				CLANG_WARN_NON_LITERAL_NULL_CONVERSION = YES;
				CLANG_WARN_OBJC_IMPLICIT_RETAIN_SELF = YES;
				CLANG_WARN_OBJC_LITERAL_CONVERSION = YES;
				CLANG_WARN_OBJC_ROOT_CLASS = YES_ERROR;
				CLANG_WARN_QUOTED_INCLUDE_IN_FRAMEWORK_HEADER = YES;
				CLANG_WARN_RANGE_LOOP_ANALYSIS = YES;
				CLANG_WARN_STRICT_PROTOTYPES = YES;
				CLANG_WARN_SUSPICIOUS_MOVE = YES;
				CLANG_WARN_UNGUARDED_AVAILABILITY = YES_AGGRESSIVE;
				CLANG_WARN_UNREACHABLE_CODE = YES;
				CLANG_WARN__DUPLICATE_METHOD_MATCH = YES;
				COPY_PHASE_STRIP = NO;
				DEBUG_INFORMATION_FORMAT = dwarf;
				ENABLE_STRICT_OBJC_MSGSEND = YES;
				ENABLE_TESTABILITY = YES;
				GCC_C_LANGUAGE_STANDARD = gnu11;
				GCC_DYNAMIC_NO_PIC = NO;
				GCC_NO_COMMON_BLOCKS = YES;
				GCC_OPTIMIZATION_LEVEL = 0;
				GCC_PREPROCESSOR_DEFINITIONS = (
					"DEBUG=1",
					"$(inherited)",
				);
				GCC_WARN_64_TO_32_BIT_CONVERSION = YES;
				GCC_WARN_ABOUT_RETURN_TYPE = YES_ERROR;
				GCC_WARN_UNDECLARED_SELECTOR = YES;
				GCC_WARN_UNINITIALIZED_AUTOS = YES_AGGRESSIVE;
				GCC_WARN_UNUSED_FUNCTION = YES;
				GCC_WARN_UNUSED_VARIABLE = YES;
				IPHONEOS_DEPLOYMENT_TARGET = 16.4;
				MTL_ENABLE_DEBUG_INFO = INCLUDE_SOURCE;
				MTL_FAST_MATH = YES;
				ONLY_ACTIVE_ARCH = YES;
				SDKROOT = iphoneos;
				SWIFT_ACTIVE_COMPILATION_CONDITIONS = DEBUG;
				SWIFT_OPTIMIZATION_LEVEL = "-Onone";
			};
			name = Debug;
		};
		846619E22BB26D090033361D /* Release */ = {
			isa = XCBuildConfiguration;
			buildSettings = {
				ALWAYS_SEARCH_USER_PATHS = NO;
				CLANG_ANALYZER_NONNULL = YES;
				CLANG_ANALYZER_NUMBER_OBJECT_CONVERSION = YES_AGGRESSIVE;
				CLANG_CXX_LANGUAGE_STANDARD = "gnu++20";
				CLANG_ENABLE_MODULES = YES;
				CLANG_ENABLE_OBJC_ARC = YES;
				CLANG_ENABLE_OBJC_WEAK = YES;
				CLANG_WARN_BLOCK_CAPTURE_AUTORELEASING = YES;
				CLANG_WARN_BOOL_CONVERSION = YES;
				CLANG_WARN_COMMA = YES;
				CLANG_WARN_CONSTANT_CONVERSION = YES;
				CLANG_WARN_DEPRECATED_OBJC_IMPLEMENTATIONS = YES;
				CLANG_WARN_DIRECT_OBJC_ISA_USAGE = YES_ERROR;
				CLANG_WARN_DOCUMENTATION_COMMENTS = YES;
				CLANG_WARN_EMPTY_BODY = YES;
				CLANG_WARN_ENUM_CONVERSION = YES;
				CLANG_WARN_INFINITE_RECURSION = YES;
				CLANG_WARN_INT_CONVERSION = YES;
				CLANG_WARN_NON_LITERAL_NULL_CONVERSION = YES;
				CLANG_WARN_OBJC_IMPLICIT_RETAIN_SELF = YES;
				CLANG_WARN_OBJC_LITERAL_CONVERSION = YES;
				CLANG_WARN_OBJC_ROOT_CLASS = YES_ERROR;
				CLANG_WARN_QUOTED_INCLUDE_IN_FRAMEWORK_HEADER = YES;
				CLANG_WARN_RANGE_LOOP_ANALYSIS = YES;
				CLANG_WARN_STRICT_PROTOTYPES = YES;
				CLANG_WARN_SUSPICIOUS_MOVE = YES;
				CLANG_WARN_UNGUARDED_AVAILABILITY = YES_AGGRESSIVE;
				CLANG_WARN_UNREACHABLE_CODE = YES;
				CLANG_WARN__DUPLICATE_METHOD_MATCH = YES;
				COPY_PHASE_STRIP = NO;
				DEBUG_INFORMATION_FORMAT = "dwarf-with-dsym";
				ENABLE_NS_ASSERTIONS = NO;
				ENABLE_STRICT_OBJC_MSGSEND = YES;
				GCC_C_LANGUAGE_STANDARD = gnu11;
				GCC_NO_COMMON_BLOCKS = YES;
				GCC_WARN_64_TO_32_BIT_CONVERSION = YES;
				GCC_WARN_ABOUT_RETURN_TYPE = YES_ERROR;
				GCC_WARN_UNDECLARED_SELECTOR = YES;
				GCC_WARN_UNINITIALIZED_AUTOS = YES_AGGRESSIVE;
				GCC_WARN_UNUSED_FUNCTION = YES;
				GCC_WARN_UNUSED_VARIABLE = YES;
				IPHONEOS_DEPLOYMENT_TARGET = 16.4;
				MTL_ENABLE_DEBUG_INFO = NO;
				MTL_FAST_MATH = YES;
				SDKROOT = iphoneos;
				SWIFT_COMPILATION_MODE = wholemodule;
				SWIFT_OPTIMIZATION_LEVEL = "-O";
				VALIDATE_PRODUCT = YES;
			};
			name = Release;
		};
		846619E42BB26D090033361D /* Debug */ = {
			isa = XCBuildConfiguration;
			baseConfigurationReference = 4600643257F19AC758841166 /* Pods-recipe-app.debug.xcconfig */;
			buildSettings = {
				ASSETCATALOG_COMPILER_APPICON_NAME = AppIcon;
				ASSETCATALOG_COMPILER_GLOBAL_ACCENT_COLOR_NAME = AccentColor;
				CODE_SIGN_STYLE = Automatic;
				CURRENT_PROJECT_VERSION = 1;
				GENERATE_INFOPLIST_FILE = YES;
				INFOPLIST_FILE = "recipe-app/Info.plist";
				INFOPLIST_KEY_CFBundleDisplayName = "Recipe App";
				INFOPLIST_KEY_UIApplicationSupportsIndirectInputEvents = YES;
				INFOPLIST_KEY_UILaunchStoryboardName = LaunchScreen;
				INFOPLIST_KEY_UIMainStoryboardFile = Main;
				INFOPLIST_KEY_UISupportedInterfaceOrientations_iPad = "UIInterfaceOrientationPortrait UIInterfaceOrientationPortraitUpsideDown UIInterfaceOrientationLandscapeLeft UIInterfaceOrientationLandscapeRight";
				INFOPLIST_KEY_UISupportedInterfaceOrientations_iPhone = "UIInterfaceOrientationPortrait UIInterfaceOrientationLandscapeLeft UIInterfaceOrientationLandscapeRight";
				LD_RUNPATH_SEARCH_PATHS = (
					"$(inherited)",
					"@executable_path/Frameworks",
				);
				MARKETING_VERSION = 1.0;
				PRODUCT_BUNDLE_IDENTIFIER = "Demo.recipe-app";
				PRODUCT_NAME = "$(TARGET_NAME)";
				SWIFT_EMIT_LOC_STRINGS = YES;
				SWIFT_VERSION = 5.0;
				TARGETED_DEVICE_FAMILY = "1,2";
			};
			name = Debug;
		};
		846619E52BB26D090033361D /* Release */ = {
			isa = XCBuildConfiguration;
			baseConfigurationReference = F4882E766F2E09B31F21F734 /* Pods-recipe-app.release.xcconfig */;
			buildSettings = {
				ASSETCATALOG_COMPILER_APPICON_NAME = AppIcon;
				ASSETCATALOG_COMPILER_GLOBAL_ACCENT_COLOR_NAME = AccentColor;
				CODE_SIGN_STYLE = Automatic;
				CURRENT_PROJECT_VERSION = 1;
				GENERATE_INFOPLIST_FILE = YES;
				INFOPLIST_FILE = "recipe-app/Info.plist";
				INFOPLIST_KEY_CFBundleDisplayName = "Recipe App";
				INFOPLIST_KEY_UIApplicationSupportsIndirectInputEvents = YES;
				INFOPLIST_KEY_UILaunchStoryboardName = LaunchScreen;
				INFOPLIST_KEY_UIMainStoryboardFile = Main;
				INFOPLIST_KEY_UISupportedInterfaceOrientations_iPad = "UIInterfaceOrientationPortrait UIInterfaceOrientationPortraitUpsideDown UIInterfaceOrientationLandscapeLeft UIInterfaceOrientationLandscapeRight";
				INFOPLIST_KEY_UISupportedInterfaceOrientations_iPhone = "UIInterfaceOrientationPortrait UIInterfaceOrientationLandscapeLeft UIInterfaceOrientationLandscapeRight";
				LD_RUNPATH_SEARCH_PATHS = (
					"$(inherited)",
					"@executable_path/Frameworks",
				);
				MARKETING_VERSION = 1.0;
				PRODUCT_BUNDLE_IDENTIFIER = "Demo.recipe-app";
				PRODUCT_NAME = "$(TARGET_NAME)";
				SWIFT_EMIT_LOC_STRINGS = YES;
				SWIFT_VERSION = 5.0;
				TARGETED_DEVICE_FAMILY = "1,2";
			};
			name = Release;
		};
		846619E72BB26D090033361D /* Debug */ = {
			isa = XCBuildConfiguration;
			baseConfigurationReference = 4AB6829CE4EFD521022B7274 /* Pods-recipe-appTests.debug.xcconfig */;
			buildSettings = {
				ALWAYS_EMBED_SWIFT_STANDARD_LIBRARIES = YES;
				BUNDLE_LOADER = "$(TEST_HOST)";
				CODE_SIGN_STYLE = Automatic;
				CURRENT_PROJECT_VERSION = 1;
				GENERATE_INFOPLIST_FILE = YES;
				IPHONEOS_DEPLOYMENT_TARGET = 16.4;
				MARKETING_VERSION = 1.0;
				PRODUCT_BUNDLE_IDENTIFIER = "Demo.recipe-appTests";
				PRODUCT_NAME = "$(TARGET_NAME)";
				SWIFT_EMIT_LOC_STRINGS = NO;
				SWIFT_VERSION = 5.0;
				TARGETED_DEVICE_FAMILY = "1,2";
				TEST_HOST = "$(BUILT_PRODUCTS_DIR)/recipe-app.app/$(BUNDLE_EXECUTABLE_FOLDER_PATH)/recipe-app";
			};
			name = Debug;
		};
		846619E82BB26D090033361D /* Release */ = {
			isa = XCBuildConfiguration;
			baseConfigurationReference = B96EC6B812580D1D96C70B97 /* Pods-recipe-appTests.release.xcconfig */;
			buildSettings = {
				ALWAYS_EMBED_SWIFT_STANDARD_LIBRARIES = YES;
				BUNDLE_LOADER = "$(TEST_HOST)";
				CODE_SIGN_STYLE = Automatic;
				CURRENT_PROJECT_VERSION = 1;
				GENERATE_INFOPLIST_FILE = YES;
				IPHONEOS_DEPLOYMENT_TARGET = 16.4;
				MARKETING_VERSION = 1.0;
				PRODUCT_BUNDLE_IDENTIFIER = "Demo.recipe-appTests";
				PRODUCT_NAME = "$(TARGET_NAME)";
				SWIFT_EMIT_LOC_STRINGS = NO;
				SWIFT_VERSION = 5.0;
				TARGETED_DEVICE_FAMILY = "1,2";
				TEST_HOST = "$(BUILT_PRODUCTS_DIR)/recipe-app.app/$(BUNDLE_EXECUTABLE_FOLDER_PATH)/recipe-app";
			};
			name = Release;
		};
		846619EA2BB26D090033361D /* Debug */ = {
			isa = XCBuildConfiguration;
			baseConfigurationReference = 2BECAD9D9492BEC667E79EC9 /* Pods-recipe-app-recipe-appUITests.debug.xcconfig */;
			buildSettings = {
				ALWAYS_EMBED_SWIFT_STANDARD_LIBRARIES = YES;
				CODE_SIGN_STYLE = Automatic;
				CURRENT_PROJECT_VERSION = 1;
				GENERATE_INFOPLIST_FILE = YES;
				MARKETING_VERSION = 1.0;
				PRODUCT_BUNDLE_IDENTIFIER = "Demo.recipe-appUITests";
				PRODUCT_NAME = "$(TARGET_NAME)";
				SWIFT_EMIT_LOC_STRINGS = NO;
				SWIFT_VERSION = 5.0;
				TARGETED_DEVICE_FAMILY = "1,2";
				TEST_TARGET_NAME = "recipe-app";
			};
			name = Debug;
		};
		846619EB2BB26D090033361D /* Release */ = {
			isa = XCBuildConfiguration;
			baseConfigurationReference = 49CBF620AF7BB29E5EE3454D /* Pods-recipe-app-recipe-appUITests.release.xcconfig */;
			buildSettings = {
				ALWAYS_EMBED_SWIFT_STANDARD_LIBRARIES = YES;
				CODE_SIGN_STYLE = Automatic;
				CURRENT_PROJECT_VERSION = 1;
				GENERATE_INFOPLIST_FILE = YES;
				MARKETING_VERSION = 1.0;
				PRODUCT_BUNDLE_IDENTIFIER = "Demo.recipe-appUITests";
				PRODUCT_NAME = "$(TARGET_NAME)";
				SWIFT_EMIT_LOC_STRINGS = NO;
				SWIFT_VERSION = 5.0;
				TARGETED_DEVICE_FAMILY = "1,2";
				TEST_TARGET_NAME = "recipe-app";
			};
			name = Release;
		};
/* End XCBuildConfiguration section */

/* Begin XCConfigurationList section */
		846619B42BB26D080033361D /* Build configuration list for PBXProject "recipe-app" */ = {
			isa = XCConfigurationList;
			buildConfigurations = (
				846619E12BB26D090033361D /* Debug */,
				846619E22BB26D090033361D /* Release */,
			);
			defaultConfigurationIsVisible = 0;
			defaultConfigurationName = Release;
		};
		846619E32BB26D090033361D /* Build configuration list for PBXNativeTarget "recipe-app" */ = {
			isa = XCConfigurationList;
			buildConfigurations = (
				846619E42BB26D090033361D /* Debug */,
				846619E52BB26D090033361D /* Release */,
			);
			defaultConfigurationIsVisible = 0;
			defaultConfigurationName = Release;
		};
		846619E62BB26D090033361D /* Build configuration list for PBXNativeTarget "recipe-appTests" */ = {
			isa = XCConfigurationList;
			buildConfigurations = (
				846619E72BB26D090033361D /* Debug */,
				846619E82BB26D090033361D /* Release */,
			);
			defaultConfigurationIsVisible = 0;
			defaultConfigurationName = Release;
		};
		846619E92BB26D090033361D /* Build configuration list for PBXNativeTarget "recipe-appUITests" */ = {
			isa = XCConfigurationList;
			buildConfigurations = (
				846619EA2BB26D090033361D /* Debug */,
				846619EB2BB26D090033361D /* Release */,
			);
			defaultConfigurationIsVisible = 0;
			defaultConfigurationName = Release;
		};
/* End XCConfigurationList section */
	};
	rootObject = 846619B12BB26D080033361D /* Project object */;
}
