// !$*UTF8*$!
{
	archiveVersion = 1;
	classes = {
	};
	objectVersion = 56;
	objects = {

/* Begin PBXBuildFile section */
		846619BD2BB26D080033361D /* AppDelegate.swift in Sources */ = {isa = PBXBuildFile; fileRef = 846619BC2BB26D080033361D /* AppDelegate.swift */; };
		846619BF2BB26D080033361D /* SceneDelegate.swift in Sources */ = {isa = PBXBuildFile; fileRef = 846619BE2BB26D080033361D /* SceneDelegate.swift */; };
		846619C12BB26D080033361D /* ViewController.swift in Sources */ = {isa = PBXBuildFile; fileRef = 846619C02BB26D080033361D /* ViewController.swift */; };
		846619C42BB26D080033361D /* Main.storyboard in Resources */ = {isa = PBXBuildFile; fileRef = 846619C22BB26D080033361D /* Main.storyboard */; };
		846619C62BB26D090033361D /* Assets.xcassets in Resources */ = {isa = PBXBuildFile; fileRef = 846619C52BB26D090033361D /* Assets.xcassets */; };
		846619C92BB26D090033361D /* LaunchScreen.storyboard in Resources */ = {isa = PBXBuildFile; fileRef = 846619C72BB26D090033361D /* LaunchScreen.storyboard */; };
		846619D42BB26D090033361D /* recipe_appTests.swift in Sources */ = {isa = PBXBuildFile; fileRef = 846619D32BB26D090033361D /* recipe_appTests.swift */; };
		846619DE2BB26D090033361D /* recipe_appUITests.swift in Sources */ = {isa = PBXBuildFile; fileRef = 846619DD2BB26D090033361D /* recipe_appUITests.swift */; };
		846619E02BB26D090033361D /* recipe_appUITestsLaunchTests.swift in Sources */ = {isa = PBXBuildFile; fileRef = 846619DF2BB26D090033361D /* recipe_appUITestsLaunchTests.swift */; };
/* End PBXBuildFile section */

/* Begin PBXContainerItemProxy section */
		846619D02BB26D090033361D /* PBXContainerItemProxy */ = {
			isa = PBXContainerItemProxy;
			containerPortal = 846619B12BB26D080033361D /* Project object */;
			proxyType = 1;
			remoteGlobalIDString = 846619B82BB26D080033361D;
			remoteInfo = "recipe-app";
		};
		846619DA2BB26D090033361D /* PBXContainerItemProxy */ = {
			isa = PBXContainerItemProxy;
			containerPortal = 846619B12BB26D080033361D /* Project object */;
			proxyType = 1;
			remoteGlobalIDString = 846619B82BB26D080033361D;
			remoteInfo = "recipe-app";
		};
/* End PBXContainerItemProxy section */

/* Begin PBXFileReference section */
		846619B92BB26D080033361D /* recipe-app.app */ = {isa = PBXFileReference; explicitFileType = wrapper.application; includeInIndex = 0; path = "recipe-app.app"; sourceTree = BUILT_PRODUCTS_DIR; };
		846619BC2BB26D080033361D /* AppDelegate.swift */ = {isa = PBXFileReference; lastKnownFileType = sourcecode.swift; path = AppDelegate.swift; sourceTree = "<group>"; };
		846619BE2BB26D080033361D /* SceneDelegate.swift */ = {isa = PBXFileReference; lastKnownFileType = sourcecode.swift; path = SceneDelegate.swift; sourceTree = "<group>"; };
		846619C02BB26D080033361D /* ViewController.swift */ = {isa = PBXFileReference; lastKnownFileType = sourcecode.swift; path = ViewController.swift; sourceTree = "<group>"; };
		846619C32BB26D080033361D /* Base */ = {isa = PBXFileReference; lastKnownFileType = file.storyboard; name = Base; path = Base.lproj/Main.storyboard; sourceTree = "<group>"; };
		846619C52BB26D090033361D /* Assets.xcassets */ = {isa = PBXFileReference; lastKnownFileType = folder.assetcatalog; path = Assets.xcassets; sourceTree = "<group>"; };
		846619C82BB26D090033361D /* Base */ = {isa = PBXFileReference; lastKnownFileType = file.storyboard; name = Base; path = Base.lproj/LaunchScreen.storyboard; sourceTree = "<group>"; };
		846619CA2BB26D090033361D /* Info.plist */ = {isa = PBXFileReference; lastKnownFileType = text.plist.xml; path = Info.plist; sourceTree = "<group>"; };
		846619CF2BB26D090033361D /* recipe-appTests.xctest */ = {isa = PBXFileReference; explicitFileType = wrapper.cfbundle; includeInIndex = 0; path = "recipe-appTests.xctest"; sourceTree = BUILT_PRODUCTS_DIR; };
		846619D32BB26D090033361D /* recipe_appTests.swift */ = {isa = PBXFileReference; lastKnownFileType = sourcecode.swift; path = recipe_appTests.swift; sourceTree = "<group>"; };
		846619D92BB26D090033361D /* recipe-appUITests.xctest */ = {isa = PBXFileReference; explicitFileType = wrapper.cfbundle; includeInIndex = 0; path = "recipe-appUITests.xctest"; sourceTree = BUILT_PRODUCTS_DIR; };
		846619DD2BB26D090033361D /* recipe_appUITests.swift */ = {isa = PBXFileReference; lastKnownFileType = sourcecode.swift; path = recipe_appUITests.swift; sourceTree = "<group>"; };
		846619DF2BB26D090033361D /* recipe_appUITestsLaunchTests.swift */ = {isa = PBXFileReference; lastKnownFileType = sourcecode.swift; path = recipe_appUITestsLaunchTests.swift; sourceTree = "<group>"; };
/* End PBXFileReference section */

/* Begin PBXFrameworksBuildPhase section */
		846619B62BB26D080033361D /* Frameworks */ = {
			isa = PBXFrameworksBuildPhase;
			buildActionMask = 2147483647;
			files = (
			);
			runOnlyForDeploymentPostprocessing = 0;
		};
		846619CC2BB26D090033361D /* Frameworks */ = {
			isa = PBXFrameworksBuildPhase;
			buildActionMask = 2147483647;
			files = (
			);
			runOnlyForDeploymentPostprocessing = 0;
		};
		846619D62BB26D090033361D /* Frameworks */ = {
			isa = PBXFrameworksBuildPhase;
			buildActionMask = 2147483647;
			files = (
			);
			runOnlyForDeploymentPostprocessing = 0;
		};
/* End PBXFrameworksBuildPhase section */

/* Begin PBXGroup section */
		846619B02BB26D080033361D = {
			isa = PBXGroup;
			children = (
				846619BB2BB26D080033361D /* recipe-app */,
				846619D22BB26D090033361D /* recipe-appTests */,
				846619DC2BB26D090033361D /* recipe-appUITests */,
				846619BA2BB26D080033361D /* Products */,
			);
			sourceTree = "<group>";
		};
		846619BA2BB26D080033361D /* Products */ = {
			isa = PBXGroup;
			children = (
				846619B92BB26D080033361D /* recipe-app.app */,
				846619CF2BB26D090033361D /* recipe-appTests.xctest */,
				846619D92BB26D090033361D /* recipe-appUITests.xctest */,
			);
			name = Products;
			sourceTree = "<group>";
		};
		846619BB2BB26D080033361D /* recipe-app */ = {
			isa = PBXGroup;
			children = (
				846619BC2BB26D080033361D /* AppDelegate.swift */,
				846619BE2BB26D080033361D /* SceneDelegate.swift */,
				846619C02BB26D080033361D /* ViewController.swift */,
				846619C22BB26D080033361D /* Main.storyboard */,
				846619C52BB26D090033361D /* Assets.xcassets */,
				846619C72BB26D090033361D /* LaunchScreen.storyboard */,
				846619CA2BB26D090033361D /* Info.plist */,
			);
			path = "recipe-app";
			sourceTree = "<group>";
		};
		846619D22BB26D090033361D /* recipe-appTests */ = {
			isa = PBXGroup;
			children = (
				846619D32BB26D090033361D /* recipe_appTests.swift */,
			);
			path = "recipe-appTests";
			sourceTree = "<group>";
		};
		846619DC2BB26D090033361D /* recipe-appUITests */ = {
			isa = PBXGroup;
			children = (
				846619DD2BB26D090033361D /* recipe_appUITests.swift */,
				846619DF2BB26D090033361D /* recipe_appUITestsLaunchTests.swift */,
			);
			path = "recipe-appUITests";
			sourceTree = "<group>";
		};
/* End PBXGroup section */

/* Begin PBXNativeTarget section */
		846619B82BB26D080033361D /* recipe-app */ = {
			isa = PBXNativeTarget;
			buildConfigurationList = 846619E32BB26D090033361D /* Build configuration list for PBXNativeTarget "recipe-app" */;
			buildPhases = (
				846619B52BB26D080033361D /* Sources */,
				846619B62BB26D080033361D /* Frameworks */,
				846619B72BB26D080033361D /* Resources */,
			);
			buildRules = (
			);
			dependencies = (
			);
			name = "recipe-app";
			productName = "recipe-app";
			productReference = 846619B92BB26D080033361D /* recipe-app.app */;
			productType = "com.apple.product-type.application";
		};
		846619CE2BB26D090033361D /* recipe-appTests */ = {
			isa = PBXNativeTarget;
			buildConfigurationList = 846619E62BB26D090033361D /* Build configuration list for PBXNativeTarget "recipe-appTests" */;
			buildPhases = (
				846619CB2BB26D090033361D /* Sources */,
				846619CC2BB26D090033361D /* Frameworks */,
				846619CD2BB26D090033361D /* Resources */,
			);
			buildRules = (
			);
			dependencies = (
				846619D12BB26D090033361D /* PBXTargetDependency */,
			);
			name = "recipe-appTests";
			productName = "recipe-appTests";
			productReference = 846619CF2BB26D090033361D /* recipe-appTests.xctest */;
			productType = "com.apple.product-type.bundle.unit-test";
		};
		846619D82BB26D090033361D /* recipe-appUITests */ = {
			isa = PBXNativeTarget;
			buildConfigurationList = 846619E92BB26D090033361D /* Build configuration list for PBXNativeTarget "recipe-appUITests" */;
			buildPhases = (
				846619D52BB26D090033361D /* Sources */,
				846619D62BB26D090033361D /* Frameworks */,
				846619D72BB26D090033361D /* Resources */,
			);
			buildRules = (
			);
			dependencies = (
				846619DB2BB26D090033361D /* PBXTargetDependency */,
			);
			name = "recipe-appUITests";
			productName = "recipe-appUITests";
			productReference = 846619D92BB26D090033361D /* recipe-appUITests.xctest */;
			productType = "com.apple.product-type.bundle.ui-testing";
		};
/* End PBXNativeTarget section */

/* Begin PBXProject section */
		846619B12BB26D080033361D /* Project object */ = {
			isa = PBXProject;
			attributes = {
				BuildIndependentTargetsInParallel = 1;
				LastSwiftUpdateCheck = 1430;
				LastUpgradeCheck = 1430;
				TargetAttributes = {
					846619B82BB26D080033361D = {
						CreatedOnToolsVersion = 14.3.1;
					};
					846619CE2BB26D090033361D = {
						CreatedOnToolsVersion = 14.3.1;
						TestTargetID = 846619B82BB26D080033361D;
					};
					846619D82BB26D090033361D = {
						CreatedOnToolsVersion = 14.3.1;
						TestTargetID = 846619B82BB26D080033361D;
					};
				};
			};
			buildConfigurationList = 846619B42BB26D080033361D /* Build configuration list for PBXProject "recipe-app" */;
			compatibilityVersion = "Xcode 14.0";
			developmentRegion = en;
			hasScannedForEncodings = 0;
			knownRegions = (
				en,
				Base,
			);
			mainGroup = 846619B02BB26D080033361D;
			productRefGroup = 846619BA2BB26D080033361D /* Products */;
			projectDirPath = "";
			projectRoot = "";
			targets = (
				846619B82BB26D080033361D /* recipe-app */,
				846619CE2BB26D090033361D /* recipe-appTests */,
				846619D82BB26D090033361D /* recipe-appUITests */,
			);
		};
/* End PBXProject section */

/* Begin PBXResourcesBuildPhase section */
		846619B72BB26D080033361D /* Resources */ = {
			isa = PBXResourcesBuildPhase;
			buildActionMask = 2147483647;
			files = (
				846619C92BB26D090033361D /* LaunchScreen.storyboard in Resources */,
				846619C62BB26D090033361D /* Assets.xcassets in Resources */,
				846619C42BB26D080033361D /* Main.storyboard in Resources */,
			);
			runOnlyForDeploymentPostprocessing = 0;
		};
		846619CD2BB26D090033361D /* Resources */ = {
			isa = PBXResourcesBuildPhase;
			buildActionMask = 2147483647;
			files = (
			);
			runOnlyForDeploymentPostprocessing = 0;
		};
		846619D72BB26D090033361D /* Resources */ = {
			isa = PBXResourcesBuildPhase;
			buildActionMask = 2147483647;
			files = (
			);
			runOnlyForDeploymentPostprocessing = 0;
		};
/* End PBXResourcesBuildPhase section */

/* Begin PBXSourcesBuildPhase section */
		846619B52BB26D080033361D /* Sources */ = {
			isa = PBXSourcesBuildPhase;
			buildActionMask = 2147483647;
			files = (
				846619C12BB26D080033361D /* ViewController.swift in Sources */,
				846619BD2BB26D080033361D /* AppDelegate.swift in Sources */,
				846619BF2BB26D080033361D /* SceneDelegate.swift in Sources */,
			);
			runOnlyForDeploymentPostprocessing = 0;
		};
		846619CB2BB26D090033361D /* Sources */ = {
			isa = PBXSourcesBuildPhase;
			buildActionMask = 2147483647;
			files = (
				846619D42BB26D090033361D /* recipe_appTests.swift in Sources */,
			);
			runOnlyForDeploymentPostprocessing = 0;
		};
		846619D52BB26D090033361D /* Sources */ = {
			isa = PBXSourcesBuildPhase;
			buildActionMask = 2147483647;
			files = (
				846619E02BB26D090033361D /* recipe_appUITestsLaunchTests.swift in Sources */,
				846619DE2BB26D090033361D /* recipe_appUITests.swift in Sources */,
			);
			runOnlyForDeploymentPostprocessing = 0;
		};
/* End PBXSourcesBuildPhase section */

/* Begin PBXTargetDependency section */
		846619D12BB26D090033361D /* PBXTargetDependency */ = {
			isa = PBXTargetDependency;
			target = 846619B82BB26D080033361D /* recipe-app */;
			targetProxy = 846619D02BB26D090033361D /* PBXContainerItemProxy */;
		};
		846619DB2BB26D090033361D /* PBXTargetDependency */ = {
			isa = PBXTargetDependency;
			target = 846619B82BB26D080033361D /* recipe-app */;
			targetProxy = 846619DA2BB26D090033361D /* PBXContainerItemProxy */;
		};
/* End PBXTargetDependency section */

/* Begin PBXVariantGroup section */
		846619C22BB26D080033361D /* Main.storyboard */ = {
			isa = PBXVariantGroup;
			children = (
				846619C32BB26D080033361D /* Base */,
			);
			name = Main.storyboard;
			sourceTree = "<group>";
		};
		846619C72BB26D090033361D /* LaunchScreen.storyboard */ = {
			isa = PBXVariantGroup;
			children = (
				846619C82BB26D090033361D /* Base */,
			);
			name = LaunchScreen.storyboard;
			sourceTree = "<group>";
		};
/* End PBXVariantGroup section */

/* Begin XCBuildConfiguration section */
		846619E12BB26D090033361D /* Debug */ = {
			isa = XCBuildConfiguration;
			buildSettings = {
				ALWAYS_SEARCH_USER_PATHS = NO;
				CLANG_ANALYZER_NONNULL = YES;
				CLANG_ANALYZER_NUMBER_OBJECT_CONVERSION = YES_AGGRESSIVE;
				CLANG_CXX_LANGUAGE_STANDARD = "gnu++20";
				CLANG_ENABLE_MODULES = YES;
				CLANG_ENABLE_OBJC_ARC = YES;
				CLANG_ENABLE_OBJC_WEAK = YES;
				CLANG_WARN_BLOCK_CAPTURE_AUTORELEASING = YES;
				CLANG_WARN_BOOL_CONVERSION = YES;
				CLANG_WARN_COMMA = YES;
				CLANG_WARN_CONSTANT_CONVERSION = YES;
				CLANG_WARN_DEPRECATED_OBJC_IMPLEMENTATIONS = YES;
				CLANG_WARN_DIRECT_OBJC_ISA_USAGE = YES_ERROR;
				CLANG_WARN_DOCUMENTATION_COMMENTS = YES;
				CLANG_WARN_EMPTY_BODY = YES;
				CLANG_WARN_ENUM_CONVERSION = YES;
				CLANG_WARN_INFINITE_RECURSION = YES;
				CLANG_WARN_INT_CONVERSION = YES;
				CLANG_WARN_NON_LITERAL_NULL_CONVERSION = YES;
				CLANG_WARN_OBJC_IMPLICIT_RETAIN_SELF = YES;
				CLANG_WARN_OBJC_LITERAL_CONVERSION = YES;
				CLANG_WARN_OBJC_ROOT_CLASS = YES_ERROR;
				CLANG_WARN_QUOTED_INCLUDE_IN_FRAMEWORK_HEADER = YES;
				CLANG_WARN_RANGE_LOOP_ANALYSIS = YES;
				CLANG_WARN_STRICT_PROTOTYPES = YES;
				CLANG_WARN_SUSPICIOUS_MOVE = YES;
				CLANG_WARN_UNGUARDED_AVAILABILITY = YES_AGGRESSIVE;
				CLANG_WARN_UNREACHABLE_CODE = YES;
				CLANG_WARN__DUPLICATE_METHOD_MATCH = YES;
				COPY_PHASE_STRIP = NO;
				DEBUG_INFORMATION_FORMAT = dwarf;
				ENABLE_STRICT_OBJC_MSGSEND = YES;
				ENABLE_TESTABILITY = YES;
				GCC_C_LANGUAGE_STANDARD = gnu11;
				GCC_DYNAMIC_NO_PIC = NO;
				GCC_NO_COMMON_BLOCKS = YES;
				GCC_OPTIMIZATION_LEVEL = 0;
				GCC_PREPROCESSOR_DEFINITIONS = (
					"DEBUG=1",
					"$(inherited)",
				);
				GCC_WARN_64_TO_32_BIT_CONVERSION = YES;
				GCC_WARN_ABOUT_RETURN_TYPE = YES_ERROR;
				GCC_WARN_UNDECLARED_SELECTOR = YES;
				GCC_WARN_UNINITIALIZED_AUTOS = YES_AGGRESSIVE;
				GCC_WARN_UNUSED_FUNCTION = YES;
				GCC_WARN_UNUSED_VARIABLE = YES;
				IPHONEOS_DEPLOYMENT_TARGET = 16.4;
				MTL_ENABLE_DEBUG_INFO = INCLUDE_SOURCE;
				MTL_FAST_MATH = YES;
				ONLY_ACTIVE_ARCH = YES;
				SDKROOT = iphoneos;
				SWIFT_ACTIVE_COMPILATION_CONDITIONS = DEBUG;
				SWIFT_OPTIMIZATION_LEVEL = "-Onone";
			};
			name = Debug;
		};
		846619E22BB26D090033361D /* Release */ = {
			isa = XCBuildConfiguration;
			buildSettings = {
				ALWAYS_SEARCH_USER_PATHS = NO;
				CLANG_ANALYZER_NONNULL = YES;
				CLANG_ANALYZER_NUMBER_OBJECT_CONVERSION = YES_AGGRESSIVE;
				CLANG_CXX_LANGUAGE_STANDARD = "gnu++20";
				CLANG_ENABLE_MODULES = YES;
				CLANG_ENABLE_OBJC_ARC = YES;
				CLANG_ENABLE_OBJC_WEAK = YES;
				CLANG_WARN_BLOCK_CAPTURE_AUTORELEASING = YES;
				CLANG_WARN_BOOL_CONVERSION = YES;
				CLANG_WARN_COMMA = YES;
				CLANG_WARN_CONSTANT_CONVERSION = YES;
				CLANG_WARN_DEPRECATED_OBJC_IMPLEMENTATIONS = YES;
				CLANG_WARN_DIRECT_OBJC_ISA_USAGE = YES_ERROR;
				CLANG_WARN_DOCUMENTATION_COMMENTS = YES;
				CLANG_WARN_EMPTY_BODY = YES;
				CLANG_WARN_ENUM_CONVERSION = YES;
				CLANG_WARN_INFINITE_RECURSION = YES;
				CLANG_WARN_INT_CONVERSION = YES;
				CLANG_WARN_NON_LITERAL_NULL_CONVERSION = YES;
				CLANG_WARN_OBJC_IMPLICIT_RETAIN_SELF = YES;
				CLANG_WARN_OBJC_LITERAL_CONVERSION = YES;
				CLANG_WARN_OBJC_ROOT_CLASS = YES_ERROR;
				CLANG_WARN_QUOTED_INCLUDE_IN_FRAMEWORK_HEADER = YES;
				CLANG_WARN_RANGE_LOOP_ANALYSIS = YES;
				CLANG_WARN_STRICT_PROTOTYPES = YES;
				CLANG_WARN_SUSPICIOUS_MOVE = YES;
				CLANG_WARN_UNGUARDED_AVAILABILITY = YES_AGGRESSIVE;
				CLANG_WARN_UNREACHABLE_CODE = YES;
				CLANG_WARN__DUPLICATE_METHOD_MATCH = YES;
				COPY_PHASE_STRIP = NO;
				DEBUG_INFORMATION_FORMAT = "dwarf-with-dsym";
				ENABLE_NS_ASSERTIONS = NO;
				ENABLE_STRICT_OBJC_MSGSEND = YES;
				GCC_C_LANGUAGE_STANDARD = gnu11;
				GCC_NO_COMMON_BLOCKS = YES;
				GCC_WARN_64_TO_32_BIT_CONVERSION = YES;
				GCC_WARN_ABOUT_RETURN_TYPE = YES_ERROR;
				GCC_WARN_UNDECLARED_SELECTOR = YES;
				GCC_WARN_UNINITIALIZED_AUTOS = YES_AGGRESSIVE;
				GCC_WARN_UNUSED_FUNCTION = YES;
				GCC_WARN_UNUSED_VARIABLE = YES;
				IPHONEOS_DEPLOYMENT_TARGET = 16.4;
				MTL_ENABLE_DEBUG_INFO = NO;
				MTL_FAST_MATH = YES;
				SDKROOT = iphoneos;
				SWIFT_COMPILATION_MODE = wholemodule;
				SWIFT_OPTIMIZATION_LEVEL = "-O";
				VALIDATE_PRODUCT = YES;
			};
			name = Release;
		};
		846619E42BB26D090033361D /* Debug */ = {
			isa = XCBuildConfiguration;
			buildSettings = {
				ASSETCATALOG_COMPILER_APPICON_NAME = AppIcon;
				ASSETCATALOG_COMPILER_GLOBAL_ACCENT_COLOR_NAME = AccentColor;
				CODE_SIGN_STYLE = Automatic;
				CURRENT_PROJECT_VERSION = 1;
				GENERATE_INFOPLIST_FILE = YES;
				INFOPLIST_FILE = "recipe-app/Info.plist";
				INFOPLIST_KEY_UIApplicationSupportsIndirectInputEvents = YES;
				INFOPLIST_KEY_UILaunchStoryboardName = LaunchScreen;
				INFOPLIST_KEY_UIMainStoryboardFile = Main;
				INFOPLIST_KEY_UISupportedInterfaceOrientations_iPad = "UIInterfaceOrientationPortrait UIInterfaceOrientationPortraitUpsideDown UIInterfaceOrientationLandscapeLeft UIInterfaceOrientationLandscapeRight";
				INFOPLIST_KEY_UISupportedInterfaceOrientations_iPhone = "UIInterfaceOrientationPortrait UIInterfaceOrientationLandscapeLeft UIInterfaceOrientationLandscapeRight";
				LD_RUNPATH_SEARCH_PATHS = (
					"$(inherited)",
					"@executable_path/Frameworks",
				);
				MARKETING_VERSION = 1.0;
				PRODUCT_BUNDLE_IDENTIFIER = "Demo.recipe-app";
				PRODUCT_NAME = "$(TARGET_NAME)";
				SWIFT_EMIT_LOC_STRINGS = YES;
				SWIFT_VERSION = 5.0;
				TARGETED_DEVICE_FAMILY = "1,2";
			};
			name = Debug;
		};
		846619E52BB26D090033361D /* Release */ = {
			isa = XCBuildConfiguration;
			buildSettings = {
				ASSETCATALOG_COMPILER_APPICON_NAME = AppIcon;
				ASSETCATALOG_COMPILER_GLOBAL_ACCENT_COLOR_NAME = AccentColor;
				CODE_SIGN_STYLE = Automatic;
				CURRENT_PROJECT_VERSION = 1;
				GENERATE_INFOPLIST_FILE = YES;
				INFOPLIST_FILE = "recipe-app/Info.plist";
				INFOPLIST_KEY_UIApplicationSupportsIndirectInputEvents = YES;
				INFOPLIST_KEY_UILaunchStoryboardName = LaunchScreen;
				INFOPLIST_KEY_UIMainStoryboardFile = Main;
				INFOPLIST_KEY_UISupportedInterfaceOrientations_iPad = "UIInterfaceOrientationPortrait UIInterfaceOrientationPortraitUpsideDown UIInterfaceOrientationLandscapeLeft UIInterfaceOrientationLandscapeRight";
				INFOPLIST_KEY_UISupportedInterfaceOrientations_iPhone = "UIInterfaceOrientationPortrait UIInterfaceOrientationLandscapeLeft UIInterfaceOrientationLandscapeRight";
				LD_RUNPATH_SEARCH_PATHS = (
					"$(inherited)",
					"@executable_path/Frameworks",
				);
				MARKETING_VERSION = 1.0;
				PRODUCT_BUNDLE_IDENTIFIER = "Demo.recipe-app";
				PRODUCT_NAME = "$(TARGET_NAME)";
				SWIFT_EMIT_LOC_STRINGS = YES;
				SWIFT_VERSION = 5.0;
				TARGETED_DEVICE_FAMILY = "1,2";
			};
			name = Release;
		};
		846619E72BB26D090033361D /* Debug */ = {
			isa = XCBuildConfiguration;
			buildSettings = {
				ALWAYS_EMBED_SWIFT_STANDARD_LIBRARIES = YES;
				BUNDLE_LOADER = "$(TEST_HOST)";
				CODE_SIGN_STYLE = Automatic;
				CURRENT_PROJECT_VERSION = 1;
				GENERATE_INFOPLIST_FILE = YES;
				IPHONEOS_DEPLOYMENT_TARGET = 16.4;
				MARKETING_VERSION = 1.0;
				PRODUCT_BUNDLE_IDENTIFIER = "Demo.recipe-appTests";
				PRODUCT_NAME = "$(TARGET_NAME)";
				SWIFT_EMIT_LOC_STRINGS = NO;
				SWIFT_VERSION = 5.0;
				TARGETED_DEVICE_FAMILY = "1,2";
				TEST_HOST = "$(BUILT_PRODUCTS_DIR)/recipe-app.app/$(BUNDLE_EXECUTABLE_FOLDER_PATH)/recipe-app";
			};
			name = Debug;
		};
		846619E82BB26D090033361D /* Release */ = {
			isa = XCBuildConfiguration;
			buildSettings = {
				ALWAYS_EMBED_SWIFT_STANDARD_LIBRARIES = YES;
				BUNDLE_LOADER = "$(TEST_HOST)";
				CODE_SIGN_STYLE = Automatic;
				CURRENT_PROJECT_VERSION = 1;
				GENERATE_INFOPLIST_FILE = YES;
				IPHONEOS_DEPLOYMENT_TARGET = 16.4;
				MARKETING_VERSION = 1.0;
				PRODUCT_BUNDLE_IDENTIFIER = "Demo.recipe-appTests";
				PRODUCT_NAME = "$(TARGET_NAME)";
				SWIFT_EMIT_LOC_STRINGS = NO;
				SWIFT_VERSION = 5.0;
				TARGETED_DEVICE_FAMILY = "1,2";
				TEST_HOST = "$(BUILT_PRODUCTS_DIR)/recipe-app.app/$(BUNDLE_EXECUTABLE_FOLDER_PATH)/recipe-app";
			};
			name = Release;
		};
		846619EA2BB26D090033361D /* Debug */ = {
			isa = XCBuildConfiguration;
			buildSettings = {
				ALWAYS_EMBED_SWIFT_STANDARD_LIBRARIES = YES;
				CODE_SIGN_STYLE = Automatic;
				CURRENT_PROJECT_VERSION = 1;
				GENERATE_INFOPLIST_FILE = YES;
				MARKETING_VERSION = 1.0;
				PRODUCT_BUNDLE_IDENTIFIER = "Demo.recipe-appUITests";
				PRODUCT_NAME = "$(TARGET_NAME)";
				SWIFT_EMIT_LOC_STRINGS = NO;
				SWIFT_VERSION = 5.0;
				TARGETED_DEVICE_FAMILY = "1,2";
				TEST_TARGET_NAME = "recipe-app";
			};
			name = Debug;
		};
		846619EB2BB26D090033361D /* Release */ = {
			isa = XCBuildConfiguration;
			buildSettings = {
				ALWAYS_EMBED_SWIFT_STANDARD_LIBRARIES = YES;
				CODE_SIGN_STYLE = Automatic;
				CURRENT_PROJECT_VERSION = 1;
				GENERATE_INFOPLIST_FILE = YES;
				MARKETING_VERSION = 1.0;
				PRODUCT_BUNDLE_IDENTIFIER = "Demo.recipe-appUITests";
				PRODUCT_NAME = "$(TARGET_NAME)";
				SWIFT_EMIT_LOC_STRINGS = NO;
				SWIFT_VERSION = 5.0;
				TARGETED_DEVICE_FAMILY = "1,2";
				TEST_TARGET_NAME = "recipe-app";
			};
			name = Release;
		};
/* End XCBuildConfiguration section */

/* Begin XCConfigurationList section */
		846619B42BB26D080033361D /* Build configuration list for PBXProject "recipe-app" */ = {
			isa = XCConfigurationList;
			buildConfigurations = (
				846619E12BB26D090033361D /* Debug */,
				846619E22BB26D090033361D /* Release */,
			);
			defaultConfigurationIsVisible = 0;
			defaultConfigurationName = Release;
		};
		846619E32BB26D090033361D /* Build configuration list for PBXNativeTarget "recipe-app" */ = {
			isa = XCConfigurationList;
			buildConfigurations = (
				846619E42BB26D090033361D /* Debug */,
				846619E52BB26D090033361D /* Release */,
			);
			defaultConfigurationIsVisible = 0;
			defaultConfigurationName = Release;
		};
		846619E62BB26D090033361D /* Build configuration list for PBXNativeTarget "recipe-appTests" */ = {
			isa = XCConfigurationList;
			buildConfigurations = (
				846619E72BB26D090033361D /* Debug */,
				846619E82BB26D090033361D /* Release */,
			);
			defaultConfigurationIsVisible = 0;
			defaultConfigurationName = Release;
		};
		846619E92BB26D090033361D /* Build configuration list for PBXNativeTarget "recipe-appUITests" */ = {
			isa = XCConfigurationList;
			buildConfigurations = (
				846619EA2BB26D090033361D /* Debug */,
				846619EB2BB26D090033361D /* Release */,
			);
			defaultConfigurationIsVisible = 0;
			defaultConfigurationName = Release;
		};
/* End XCConfigurationList section */
	};
	rootObject = 846619B12BB26D080033361D /* Project object */;
}
